
Microsoft Visual Studio Solution File, Format Version 12.00
# Visual Studio Version 17
VisualStudioVersion = 17.8.34316.72
MinimumVisualStudioVersion = 10.0.40219.1
Project("{FAE04EC0-301F-11D3-BF4B-00C04F79EFBC}") = "Routing_Demo_MVC_Core_8", "Routing_Demo_MVC_Core_8.csproj", "{689F42A5-981B-4209-AA88-2C29B4A6F925}"
EndProject
Global
	GlobalSection(SolutionConfigurationPlatforms) = preSolution
		Debug|Any CPU = Debug|Any CPU
		Release|Any CPU = Release|Any CPU
	EndGlobalSection
	GlobalSection(ProjectConfigurationPlatforms) = postSolution
		{689F42A5-981B-4209-AA88-2C29B4A6F925}.Debug|Any CPU.ActiveCfg = Debug|Any CPU
		{689F42A5-981B-4209-AA88-2C29B4A6F925}.Debug|Any CPU.Build.0 = Debug|Any CPU
		{689F42A5-981B-4209-AA88-2C29B4A6F925}.Release|Any CPU.ActiveCfg = Release|Any CPU
		{689F42A5-981B-4209-AA88-2C29B4A6F925}.Release|Any CPU.Build.0 = Release|Any CPU
	EndGlobalSection
	GlobalSection(SolutionProperties) = preSolution
		HideSolutionNode = FALSE
	EndGlobalSection
	GlobalSection(ExtensibilityGlobals) = postSolution
		SolutionGuid = {8A79D478-30D9-484F-9FBC-7DC05FDD1F8C}
	EndGlobalSection
EndGlobal
